// !$*UTF8*$!
{
	archiveVersion = 1;
	classes = {
	};
	objectVersion = 56;
	objects = {

/* Begin PBXBuildFile section */
		EA26E7C92D33725800BF9D77 /* QuizView.swift in Sources */ = {isa = PBXBuildFile; fileRef = EA26E7C82D33725800BF9D77 /* QuizView.swift */; };
		EA72EBBA2C58770600634E20 /* PlaythroughsView.swift in Sources */ = {isa = PBXBuildFile; fileRef = EA72EBB92C58770600634E20 /* PlaythroughsView.swift */; };
		EA72EBBE2C587E8B00634E20 /* LocalStorage.swift in Sources */ = {isa = PBXBuildFile; fileRef = EA72EBBD2C587E8B00634E20 /* LocalStorage.swift */; };
		EA90F15C2C574F93007B3493 /* Firefly_FinanceApp.swift in Sources */ = {isa = PBXBuildFile; fileRef = EA90F15B2C574F93007B3493 /* Firefly_FinanceApp.swift */; };
		EA90F15E2C574F93007B3493 /* ContentView.swift in Sources */ = {isa = PBXBuildFile; fileRef = EA90F15D2C574F93007B3493 /* ContentView.swift */; };
		EA90F1602C574F95007B3493 /* Assets.xcassets in Resources */ = {isa = PBXBuildFile; fileRef = EA90F15F2C574F95007B3493 /* Assets.xcassets */; };
		EA90F1632C574F95007B3493 /* Preview Assets.xcassets in Resources */ = {isa = PBXBuildFile; fileRef = EA90F1622C574F95007B3493 /* Preview Assets.xcassets */; };
		EA90F16D2C574F95007B3493 /* Firefly_FinanceTests.swift in Sources */ = {isa = PBXBuildFile; fileRef = EA90F16C2C574F95007B3493 /* Firefly_FinanceTests.swift */; };
		EA90F1772C574F95007B3493 /* Firefly_FinanceUITests.swift in Sources */ = {isa = PBXBuildFile; fileRef = EA90F1762C574F95007B3493 /* Firefly_FinanceUITests.swift */; };
		EA90F1792C574F95007B3493 /* Firefly_FinanceUITestsLaunchTests.swift in Sources */ = {isa = PBXBuildFile; fileRef = EA90F1782C574F95007B3493 /* Firefly_FinanceUITestsLaunchTests.swift */; };
		EA90F1862C575033007B3493 /* AccountInfoView.swift in Sources */ = {isa = PBXBuildFile; fileRef = EA90F1852C575033007B3493 /* AccountInfoView.swift */; };
		EA90F1882C575051007B3493 /* ChatBotView.swift in Sources */ = {isa = PBXBuildFile; fileRef = EA90F1872C575051007B3493 /* ChatBotView.swift */; };
		EA90F18A2C5750CE007B3493 /* DepositWithdrawView.swift in Sources */ = {isa = PBXBuildFile; fileRef = EA90F1892C5750CE007B3493 /* DepositWithdrawView.swift */; };
		EA90F18C2C5750E4007B3493 /* EarningsGraphView.swift in Sources */ = {isa = PBXBuildFile; fileRef = EA90F18B2C5750E4007B3493 /* EarningsGraphView.swift */; };
		EA90F18E2C57514D007B3493 /* HomeView.swift in Sources */ = {isa = PBXBuildFile; fileRef = EA90F18D2C57514D007B3493 /* HomeView.swift */; };
		EA90F1902C57519B007B3493 /* Models.swift in Sources */ = {isa = PBXBuildFile; fileRef = EA90F18F2C57519B007B3493 /* Models.swift */; };
		EA90F1942C575284007B3493 /* ResetConfirmationView.swift in Sources */ = {isa = PBXBuildFile; fileRef = EA90F1932C575284007B3493 /* ResetConfirmationView.swift */; };
		EA90F1982C5752D6007B3493 /* ShareHoldingsView.swift in Sources */ = {isa = PBXBuildFile; fileRef = EA90F1972C5752D6007B3493 /* ShareHoldingsView.swift */; };
		EA90F19A2C5752E7007B3493 /* SimulationView.swift in Sources */ = {isa = PBXBuildFile; fileRef = EA90F1992C5752E7007B3493 /* SimulationView.swift */; };
		EA90F19C2C5752F6007B3493 /* StocksView.swift in Sources */ = {isa = PBXBuildFile; fileRef = EA90F19B2C5752F6007B3493 /* StocksView.swift */; };
		EA90F19E2C575308007B3493 /* YearAndResetView.swift in Sources */ = {isa = PBXBuildFile; fileRef = EA90F19D2C575307007B3493 /* YearAndResetView.swift */; };
		EA90F1A02C5760B0007B3493 /* HYSAInfoView.swift in Sources */ = {isa = PBXBuildFile; fileRef = EA90F19F2C5760B0007B3493 /* HYSAInfoView.swift */; };
		EA90F1A42C582E83007B3493 /* StocksInfoView.swift in Sources */ = {isa = PBXBuildFile; fileRef = EA90F1A32C582E83007B3493 /* StocksInfoView.swift */; };
		EA90F1AF2C583912007B3493 /* DividendInfoView.swift in Sources */ = {isa = PBXBuildFile; fileRef = EA90F1AE2C583912007B3493 /* DividendInfoView.swift */; };
		EA90F1B12C583BF3007B3493 /* SavingsAccountInfoView.swift in Sources */ = {isa = PBXBuildFile; fileRef = EA90F1B02C583BF3007B3493 /* SavingsAccountInfoView.swift */; };
		EA90F1B52C583C4C007B3493 /* SavingsAccountsView.swift in Sources */ = {isa = PBXBuildFile; fileRef = EA90F1B42C583C4C007B3493 /* SavingsAccountsView.swift */; };
		EAA996D82C5B22ED00AA6F00 /* Playthrough.swift in Sources */ = {isa = PBXBuildFile; fileRef = EAA996D72C5B22ED00AA6F00 /* Playthrough.swift */; };
		EAA996DA2C5B37EA00AA6F00 /* HelpView.swift in Sources */ = {isa = PBXBuildFile; fileRef = EAA996D92C5B37EA00AA6F00 /* HelpView.swift */; };
		EACA60B02C5956930028C7BD /* StartScreenView.swift in Sources */ = {isa = PBXBuildFile; fileRef = EACA60AF2C5956930028C7BD /* StartScreenView.swift */; };
		EACA60B42C5972820028C7BD /* ChatHelpView.swift in Sources */ = {isa = PBXBuildFile; fileRef = EACA60B32C5972820028C7BD /* ChatHelpView.swift */; };
		EAFD37062D3D8C3F005FF4E5 /* QuizQuestionView.swift in Sources */ = {isa = PBXBuildFile; fileRef = EAFD37052D3D8C3F005FF4E5 /* QuizQuestionView.swift */; };
		EAFD370A2D40A510005FF4E5 /* QuizResultView.swift in Sources */ = {isa = PBXBuildFile; fileRef = EAFD37092D40A50F005FF4E5 /* QuizResultView.swift */; };
/* End PBXBuildFile section */

/* Begin PBXContainerItemProxy section */
		EA90F1692C574F95007B3493 /* PBXContainerItemProxy */ = {
			isa = PBXContainerItemProxy;
			containerPortal = EA90F1502C574F92007B3493 /* Project object */;
			proxyType = 1;
			remoteGlobalIDString = EA90F1572C574F93007B3493;
			remoteInfo = "Firefly Finance";
		};
		EA90F1732C574F95007B3493 /* PBXContainerItemProxy */ = {
			isa = PBXContainerItemProxy;
			containerPortal = EA90F1502C574F92007B3493 /* Project object */;
			proxyType = 1;
			remoteGlobalIDString = EA90F1572C574F93007B3493;
			remoteInfo = "Firefly Finance";
		};
/* End PBXContainerItemProxy section */

/* Begin PBXFileReference section */
		EA26E7C82D33725800BF9D77 /* QuizView.swift */ = {isa = PBXFileReference; lastKnownFileType = sourcecode.swift; path = QuizView.swift; sourceTree = "<group>"; };
		EA72EBB92C58770600634E20 /* PlaythroughsView.swift */ = {isa = PBXFileReference; lastKnownFileType = sourcecode.swift; path = PlaythroughsView.swift; sourceTree = "<group>"; };
		EA72EBBD2C587E8B00634E20 /* LocalStorage.swift */ = {isa = PBXFileReference; lastKnownFileType = sourcecode.swift; path = LocalStorage.swift; sourceTree = "<group>"; };
		EA90F1582C574F93007B3493 /* Firefly Finance.app */ = {isa = PBXFileReference; explicitFileType = wrapper.application; includeInIndex = 0; path = "Firefly Finance.app"; sourceTree = BUILT_PRODUCTS_DIR; };
		EA90F15B2C574F93007B3493 /* Firefly_FinanceApp.swift */ = {isa = PBXFileReference; lastKnownFileType = sourcecode.swift; path = Firefly_FinanceApp.swift; sourceTree = "<group>"; };
		EA90F15D2C574F93007B3493 /* ContentView.swift */ = {isa = PBXFileReference; lastKnownFileType = sourcecode.swift; path = ContentView.swift; sourceTree = "<group>"; };
		EA90F15F2C574F95007B3493 /* Assets.xcassets */ = {isa = PBXFileReference; lastKnownFileType = folder.assetcatalog; path = Assets.xcassets; sourceTree = "<group>"; };
		EA90F1622C574F95007B3493 /* Preview Assets.xcassets */ = {isa = PBXFileReference; lastKnownFileType = folder.assetcatalog; path = "Preview Assets.xcassets"; sourceTree = "<group>"; };
		EA90F1682C574F95007B3493 /* Firefly FinanceTests.xctest */ = {isa = PBXFileReference; explicitFileType = wrapper.cfbundle; includeInIndex = 0; path = "Firefly FinanceTests.xctest"; sourceTree = BUILT_PRODUCTS_DIR; };
		EA90F16C2C574F95007B3493 /* Firefly_FinanceTests.swift */ = {isa = PBXFileReference; lastKnownFileType = sourcecode.swift; path = Firefly_FinanceTests.swift; sourceTree = "<group>"; };
		EA90F1722C574F95007B3493 /* Firefly FinanceUITests.xctest */ = {isa = PBXFileReference; explicitFileType = wrapper.cfbundle; includeInIndex = 0; path = "Firefly FinanceUITests.xctest"; sourceTree = BUILT_PRODUCTS_DIR; };
		EA90F1762C574F95007B3493 /* Firefly_FinanceUITests.swift */ = {isa = PBXFileReference; lastKnownFileType = sourcecode.swift; path = Firefly_FinanceUITests.swift; sourceTree = "<group>"; };
		EA90F1782C574F95007B3493 /* Firefly_FinanceUITestsLaunchTests.swift */ = {isa = PBXFileReference; lastKnownFileType = sourcecode.swift; path = Firefly_FinanceUITestsLaunchTests.swift; sourceTree = "<group>"; };
		EA90F1852C575033007B3493 /* AccountInfoView.swift */ = {isa = PBXFileReference; lastKnownFileType = sourcecode.swift; path = AccountInfoView.swift; sourceTree = "<group>"; };
		EA90F1872C575051007B3493 /* ChatBotView.swift */ = {isa = PBXFileReference; lastKnownFileType = sourcecode.swift; path = ChatBotView.swift; sourceTree = "<group>"; };
		EA90F1892C5750CE007B3493 /* DepositWithdrawView.swift */ = {isa = PBXFileReference; lastKnownFileType = sourcecode.swift; path = DepositWithdrawView.swift; sourceTree = "<group>"; };
		EA90F18B2C5750E4007B3493 /* EarningsGraphView.swift */ = {isa = PBXFileReference; lastKnownFileType = sourcecode.swift; path = EarningsGraphView.swift; sourceTree = "<group>"; };
		EA90F18D2C57514D007B3493 /* HomeView.swift */ = {isa = PBXFileReference; lastKnownFileType = sourcecode.swift; path = HomeView.swift; sourceTree = "<group>"; };
		EA90F18F2C57519B007B3493 /* Models.swift */ = {isa = PBXFileReference; lastKnownFileType = sourcecode.swift; path = Models.swift; sourceTree = "<group>"; };
		EA90F1932C575284007B3493 /* ResetConfirmationView.swift */ = {isa = PBXFileReference; lastKnownFileType = sourcecode.swift; path = ResetConfirmationView.swift; sourceTree = "<group>"; };
		EA90F1972C5752D6007B3493 /* ShareHoldingsView.swift */ = {isa = PBXFileReference; lastKnownFileType = sourcecode.swift; path = ShareHoldingsView.swift; sourceTree = "<group>"; };
		EA90F1992C5752E7007B3493 /* SimulationView.swift */ = {isa = PBXFileReference; lastKnownFileType = sourcecode.swift; path = SimulationView.swift; sourceTree = "<group>"; };
		EA90F19B2C5752F6007B3493 /* StocksView.swift */ = {isa = PBXFileReference; lastKnownFileType = sourcecode.swift; path = StocksView.swift; sourceTree = "<group>"; };
		EA90F19D2C575307007B3493 /* YearAndResetView.swift */ = {isa = PBXFileReference; lastKnownFileType = sourcecode.swift; path = YearAndResetView.swift; sourceTree = "<group>"; };
		EA90F19F2C5760B0007B3493 /* HYSAInfoView.swift */ = {isa = PBXFileReference; lastKnownFileType = sourcecode.swift; path = HYSAInfoView.swift; sourceTree = "<group>"; };
		EA90F1A32C582E83007B3493 /* StocksInfoView.swift */ = {isa = PBXFileReference; lastKnownFileType = sourcecode.swift; path = StocksInfoView.swift; sourceTree = "<group>"; };
		EA90F1AE2C583912007B3493 /* DividendInfoView.swift */ = {isa = PBXFileReference; lastKnownFileType = sourcecode.swift; path = DividendInfoView.swift; sourceTree = "<group>"; };
		EA90F1B02C583BF3007B3493 /* SavingsAccountInfoView.swift */ = {isa = PBXFileReference; lastKnownFileType = sourcecode.swift; path = SavingsAccountInfoView.swift; sourceTree = "<group>"; };
		EA90F1B42C583C4C007B3493 /* SavingsAccountsView.swift */ = {isa = PBXFileReference; lastKnownFileType = sourcecode.swift; path = SavingsAccountsView.swift; sourceTree = "<group>"; };
		EAA996D72C5B22ED00AA6F00 /* Playthrough.swift */ = {isa = PBXFileReference; lastKnownFileType = sourcecode.swift; path = Playthrough.swift; sourceTree = "<group>"; };
		EAA996D92C5B37EA00AA6F00 /* HelpView.swift */ = {isa = PBXFileReference; lastKnownFileType = sourcecode.swift; path = HelpView.swift; sourceTree = "<group>"; };
		EACA60AF2C5956930028C7BD /* StartScreenView.swift */ = {isa = PBXFileReference; lastKnownFileType = sourcecode.swift; path = StartScreenView.swift; sourceTree = "<group>"; };
		EACA60B32C5972820028C7BD /* ChatHelpView.swift */ = {isa = PBXFileReference; lastKnownFileType = sourcecode.swift; path = ChatHelpView.swift; sourceTree = "<group>"; };
		EAFD37052D3D8C3F005FF4E5 /* QuizQuestionView.swift */ = {isa = PBXFileReference; lastKnownFileType = sourcecode.swift; path = QuizQuestionView.swift; sourceTree = "<group>"; };
		EAFD37092D40A50F005FF4E5 /* QuizResultView.swift */ = {isa = PBXFileReference; lastKnownFileType = sourcecode.swift; path = QuizResultView.swift; sourceTree = "<group>"; };
/* End PBXFileReference section */

/* Begin PBXFrameworksBuildPhase section */
		EA90F1552C574F93007B3493 /* Frameworks */ = {
			isa = PBXFrameworksBuildPhase;
			buildActionMask = 2147483647;
			files = (
			);
			runOnlyForDeploymentPostprocessing = 0;
		};
		EA90F1652C574F95007B3493 /* Frameworks */ = {
			isa = PBXFrameworksBuildPhase;
			buildActionMask = 2147483647;
			files = (
			);
			runOnlyForDeploymentPostprocessing = 0;
		};
		EA90F16F2C574F95007B3493 /* Frameworks */ = {
			isa = PBXFrameworksBuildPhase;
			buildActionMask = 2147483647;
			files = (
			);
			runOnlyForDeploymentPostprocessing = 0;
		};
/* End PBXFrameworksBuildPhase section */

/* Begin PBXGroup section */
		EA90F14F2C574F92007B3493 = {
			isa = PBXGroup;
			children = (
				EA90F15A2C574F93007B3493 /* Firefly Finance */,
				EA90F16B2C574F95007B3493 /* Firefly FinanceTests */,
				EA90F1752C574F95007B3493 /* Firefly FinanceUITests */,
				EA90F1592C574F93007B3493 /* Products */,
			);
			sourceTree = "<group>";
		};
		EA90F1592C574F93007B3493 /* Products */ = {
			isa = PBXGroup;
			children = (
				EA90F1582C574F93007B3493 /* Firefly Finance.app */,
				EA90F1682C574F95007B3493 /* Firefly FinanceTests.xctest */,
				EA90F1722C574F95007B3493 /* Firefly FinanceUITests.xctest */,
			);
			name = Products;
			sourceTree = "<group>";
		};
		EA90F15A2C574F93007B3493 /* Firefly Finance */ = {
			isa = PBXGroup;
			children = (
				EA90F15D2C574F93007B3493 /* ContentView.swift */,
				EA90F15B2C574F93007B3493 /* Firefly_FinanceApp.swift */,
				EAA996DD2C5B5A8A00AA6F00 /* MiscViews */,
				EAA996DB2C5B59C100AA6F00 /* InfoViews */,
				EAA996DC2C5B5A0D00AA6F00 /* Positions-Accounts */,
				EA90F15F2C574F95007B3493 /* Assets.xcassets */,
				EA90F1612C574F95007B3493 /* Preview Content */,
			);
			path = "Firefly Finance";
			sourceTree = "<group>";
		};
		EA90F1612C574F95007B3493 /* Preview Content */ = {
			isa = PBXGroup;
			children = (
				EA90F1622C574F95007B3493 /* Preview Assets.xcassets */,
			);
			path = "Preview Content";
			sourceTree = "<group>";
		};
		EA90F16B2C574F95007B3493 /* Firefly FinanceTests */ = {
			isa = PBXGroup;
			children = (
				EA90F16C2C574F95007B3493 /* Firefly_FinanceTests.swift */,
			);
			path = "Firefly FinanceTests";
			sourceTree = "<group>";
		};
		EA90F1752C574F95007B3493 /* Firefly FinanceUITests */ = {
			isa = PBXGroup;
			children = (
				EA90F1762C574F95007B3493 /* Firefly_FinanceUITests.swift */,
				EA90F1782C574F95007B3493 /* Firefly_FinanceUITestsLaunchTests.swift */,
			);
			path = "Firefly FinanceUITests";
			sourceTree = "<group>";
		};
		EAA996DB2C5B59C100AA6F00 /* InfoViews */ = {
			isa = PBXGroup;
			children = (
				EACA60B32C5972820028C7BD /* ChatHelpView.swift */,
				EAA996D92C5B37EA00AA6F00 /* HelpView.swift */,
				EA90F1A32C582E83007B3493 /* StocksInfoView.swift */,
				EA90F19F2C5760B0007B3493 /* HYSAInfoView.swift */,
				EA90F1AE2C583912007B3493 /* DividendInfoView.swift */,
			);
			path = InfoViews;
			sourceTree = "<group>";
		};
		EAA996DC2C5B5A0D00AA6F00 /* Positions-Accounts */ = {
			isa = PBXGroup;
			children = (
				EA90F1852C575033007B3493 /* AccountInfoView.swift */,
				EA90F1892C5750CE007B3493 /* DepositWithdrawView.swift */,
				EA90F18F2C57519B007B3493 /* Models.swift */,
				EA90F1972C5752D6007B3493 /* ShareHoldingsView.swift */,
				EA90F1B02C583BF3007B3493 /* SavingsAccountInfoView.swift */,
				EA90F1B42C583C4C007B3493 /* SavingsAccountsView.swift */,
				EA72EBBD2C587E8B00634E20 /* LocalStorage.swift */,
				EAA996D72C5B22ED00AA6F00 /* Playthrough.swift */,
				EA90F19B2C5752F6007B3493 /* StocksView.swift */,
			);
			path = "Positions-Accounts";
			sourceTree = "<group>";
		};
		EAA996DD2C5B5A8A00AA6F00 /* MiscViews */ = {
			isa = PBXGroup;
			children = (
				EA90F1872C575051007B3493 /* ChatBotView.swift */,
				EA90F18D2C57514D007B3493 /* HomeView.swift */,
				EA26E7C82D33725800BF9D77 /* QuizView.swift */,
				EAFD37052D3D8C3F005FF4E5 /* QuizQuestionView.swift */,
				EAFD37092D40A50F005FF4E5 /* QuizResultView.swift */,
				EA72EBB92C58770600634E20 /* PlaythroughsView.swift */,
				EA90F1932C575284007B3493 /* ResetConfirmationView.swift */,
				EA90F19D2C575307007B3493 /* YearAndResetView.swift */,
				EACA60AF2C5956930028C7BD /* StartScreenView.swift */,
				EA90F1992C5752E7007B3493 /* SimulationView.swift */,
				EA90F18B2C5750E4007B3493 /* EarningsGraphView.swift */,
			);
			path = MiscViews;
			sourceTree = "<group>";
		};
/* End PBXGroup section */

/* Begin PBXNativeTarget section */
		EA90F1572C574F93007B3493 /* Firefly Finance */ = {
			isa = PBXNativeTarget;
			buildConfigurationList = EA90F17C2C574F95007B3493 /* Build configuration list for PBXNativeTarget "Firefly Finance" */;
			buildPhases = (
				EA90F1542C574F93007B3493 /* Sources */,
				EA90F1552C574F93007B3493 /* Frameworks */,
				EA90F1562C574F93007B3493 /* Resources */,
			);
			buildRules = (
			);
			dependencies = (
			);
			name = "Firefly Finance";
			productName = "Firefly Finance";
			productReference = EA90F1582C574F93007B3493 /* Firefly Finance.app */;
			productType = "com.apple.product-type.application";
		};
		EA90F1672C574F95007B3493 /* Firefly FinanceTests */ = {
			isa = PBXNativeTarget;
			buildConfigurationList = EA90F17F2C574F95007B3493 /* Build configuration list for PBXNativeTarget "Firefly FinanceTests" */;
			buildPhases = (
				EA90F1642C574F95007B3493 /* Sources */,
				EA90F1652C574F95007B3493 /* Frameworks */,
				EA90F1662C574F95007B3493 /* Resources */,
			);
			buildRules = (
			);
			dependencies = (
				EA90F16A2C574F95007B3493 /* PBXTargetDependency */,
			);
			name = "Firefly FinanceTests";
			productName = "Firefly FinanceTests";
			productReference = EA90F1682C574F95007B3493 /* Firefly FinanceTests.xctest */;
			productType = "com.apple.product-type.bundle.unit-test";
		};
		EA90F1712C574F95007B3493 /* Firefly FinanceUITests */ = {
			isa = PBXNativeTarget;
			buildConfigurationList = EA90F1822C574F95007B3493 /* Build configuration list for PBXNativeTarget "Firefly FinanceUITests" */;
			buildPhases = (
				EA90F16E2C574F95007B3493 /* Sources */,
				EA90F16F2C574F95007B3493 /* Frameworks */,
				EA90F1702C574F95007B3493 /* Resources */,
			);
			buildRules = (
			);
			dependencies = (
				EA90F1742C574F95007B3493 /* PBXTargetDependency */,
			);
			name = "Firefly FinanceUITests";
			productName = "Firefly FinanceUITests";
			productReference = EA90F1722C574F95007B3493 /* Firefly FinanceUITests.xctest */;
			productType = "com.apple.product-type.bundle.ui-testing";
		};
/* End PBXNativeTarget section */

/* Begin PBXProject section */
		EA90F1502C574F92007B3493 /* Project object */ = {
			isa = PBXProject;
			attributes = {
				BuildIndependentTargetsInParallel = 1;
				LastSwiftUpdateCheck = 1540;
				LastUpgradeCheck = 1540;
				TargetAttributes = {
					EA90F1572C574F93007B3493 = {
						CreatedOnToolsVersion = 15.4;
					};
					EA90F1672C574F95007B3493 = {
						CreatedOnToolsVersion = 15.4;
						TestTargetID = EA90F1572C574F93007B3493;
					};
					EA90F1712C574F95007B3493 = {
						CreatedOnToolsVersion = 15.4;
						TestTargetID = EA90F1572C574F93007B3493;
					};
				};
			};
			buildConfigurationList = EA90F1532C574F92007B3493 /* Build configuration list for PBXProject "Firefly Finance" */;
			compatibilityVersion = "Xcode 14.0";
			developmentRegion = en;
			hasScannedForEncodings = 0;
			knownRegions = (
				en,
				Base,
			);
			mainGroup = EA90F14F2C574F92007B3493;
			productRefGroup = EA90F1592C574F93007B3493 /* Products */;
			projectDirPath = "";
			projectRoot = "";
			targets = (
				EA90F1572C574F93007B3493 /* Firefly Finance */,
				EA90F1672C574F95007B3493 /* Firefly FinanceTests */,
				EA90F1712C574F95007B3493 /* Firefly FinanceUITests */,
			);
		};
/* End PBXProject section */

/* Begin PBXResourcesBuildPhase section */
		EA90F1562C574F93007B3493 /* Resources */ = {
			isa = PBXResourcesBuildPhase;
			buildActionMask = 2147483647;
			files = (
				EA90F1632C574F95007B3493 /* Preview Assets.xcassets in Resources */,
				EA90F1602C574F95007B3493 /* Assets.xcassets in Resources */,
			);
			runOnlyForDeploymentPostprocessing = 0;
		};
		EA90F1662C574F95007B3493 /* Resources */ = {
			isa = PBXResourcesBuildPhase;
			buildActionMask = 2147483647;
			files = (
			);
			runOnlyForDeploymentPostprocessing = 0;
		};
		EA90F1702C574F95007B3493 /* Resources */ = {
			isa = PBXResourcesBuildPhase;
			buildActionMask = 2147483647;
			files = (
			);
			runOnlyForDeploymentPostprocessing = 0;
		};
/* End PBXResourcesBuildPhase section */

/* Begin PBXSourcesBuildPhase section */
		EA90F1542C574F93007B3493 /* Sources */ = {
			isa = PBXSourcesBuildPhase;
			buildActionMask = 2147483647;
			files = (
				EA90F18A2C5750CE007B3493 /* DepositWithdrawView.swift in Sources */,
				EACA60B42C5972820028C7BD /* ChatHelpView.swift in Sources */,
				EA26E7C92D33725800BF9D77 /* QuizView.swift in Sources */,
				EA90F1AF2C583912007B3493 /* DividendInfoView.swift in Sources */,
				EA90F1942C575284007B3493 /* ResetConfirmationView.swift in Sources */,
				EACA60B02C5956930028C7BD /* StartScreenView.swift in Sources */,
				EA90F19E2C575308007B3493 /* YearAndResetView.swift in Sources */,
				EA90F19A2C5752E7007B3493 /* SimulationView.swift in Sources */,
				EA90F18E2C57514D007B3493 /* HomeView.swift in Sources */,
				EA90F1B52C583C4C007B3493 /* SavingsAccountsView.swift in Sources */,
				EA90F1882C575051007B3493 /* ChatBotView.swift in Sources */,
				EA90F19C2C5752F6007B3493 /* StocksView.swift in Sources */,
				EA90F1902C57519B007B3493 /* Models.swift in Sources */,
				EA90F15E2C574F93007B3493 /* ContentView.swift in Sources */,
				EAA996DA2C5B37EA00AA6F00 /* HelpView.swift in Sources */,
				EAFD370A2D40A510005FF4E5 /* QuizResultView.swift in Sources */,
				EA90F1A42C582E83007B3493 /* StocksInfoView.swift in Sources */,
				EA72EBBE2C587E8B00634E20 /* LocalStorage.swift in Sources */,
				EA90F15C2C574F93007B3493 /* Firefly_FinanceApp.swift in Sources */,
				EA90F18C2C5750E4007B3493 /* EarningsGraphView.swift in Sources */,
				EAA996D82C5B22ED00AA6F00 /* Playthrough.swift in Sources */,
				EA90F1B12C583BF3007B3493 /* SavingsAccountInfoView.swift in Sources */,
				EA90F1862C575033007B3493 /* AccountInfoView.swift in Sources */,
				EA90F1982C5752D6007B3493 /* ShareHoldingsView.swift in Sources */,
				EA72EBBA2C58770600634E20 /* PlaythroughsView.swift in Sources */,
				EA90F1A02C5760B0007B3493 /* HYSAInfoView.swift in Sources */,
				EAFD37062D3D8C3F005FF4E5 /* QuizQuestionView.swift in Sources */,
			);
			runOnlyForDeploymentPostprocessing = 0;
		};
		EA90F1642C574F95007B3493 /* Sources */ = {
			isa = PBXSourcesBuildPhase;
			buildActionMask = 2147483647;
			files = (
				EA90F16D2C574F95007B3493 /* Firefly_FinanceTests.swift in Sources */,
			);
			runOnlyForDeploymentPostprocessing = 0;
		};
		EA90F16E2C574F95007B3493 /* Sources */ = {
			isa = PBXSourcesBuildPhase;
			buildActionMask = 2147483647;
			files = (
				EA90F1772C574F95007B3493 /* Firefly_FinanceUITests.swift in Sources */,
				EA90F1792C574F95007B3493 /* Firefly_FinanceUITestsLaunchTests.swift in Sources */,
			);
			runOnlyForDeploymentPostprocessing = 0;
		};
/* End PBXSourcesBuildPhase section */

/* Begin PBXTargetDependency section */
		EA90F16A2C574F95007B3493 /* PBXTargetDependency */ = {
			isa = PBXTargetDependency;
			target = EA90F1572C574F93007B3493 /* Firefly Finance */;
			targetProxy = EA90F1692C574F95007B3493 /* PBXContainerItemProxy */;
		};
		EA90F1742C574F95007B3493 /* PBXTargetDependency */ = {
			isa = PBXTargetDependency;
			target = EA90F1572C574F93007B3493 /* Firefly Finance */;
			targetProxy = EA90F1732C574F95007B3493 /* PBXContainerItemProxy */;
		};
/* End PBXTargetDependency section */

/* Begin XCBuildConfiguration section */
		EA90F17A2C574F95007B3493 /* Debug */ = {
			isa = XCBuildConfiguration;
			buildSettings = {
				ALWAYS_SEARCH_USER_PATHS = NO;
				ASSETCATALOG_COMPILER_GENERATE_SWIFT_ASSET_SYMBOL_EXTENSIONS = YES;
				CLANG_ANALYZER_NONNULL = YES;
				CLANG_ANALYZER_NUMBER_OBJECT_CONVERSION = YES_AGGRESSIVE;
				CLANG_CXX_LANGUAGE_STANDARD = "gnu++20";
				CLANG_ENABLE_MODULES = YES;
				CLANG_ENABLE_OBJC_ARC = YES;
				CLANG_ENABLE_OBJC_WEAK = YES;
				CLANG_WARN_BLOCK_CAPTURE_AUTORELEASING = YES;
				CLANG_WARN_BOOL_CONVERSION = YES;
				CLANG_WARN_COMMA = YES;
				CLANG_WARN_CONSTANT_CONVERSION = YES;
				CLANG_WARN_DEPRECATED_OBJC_IMPLEMENTATIONS = YES;
				CLANG_WARN_DIRECT_OBJC_ISA_USAGE = YES_ERROR;
				CLANG_WARN_DOCUMENTATION_COMMENTS = YES;
				CLANG_WARN_EMPTY_BODY = YES;
				CLANG_WARN_ENUM_CONVERSION = YES;
				CLANG_WARN_INFINITE_RECURSION = YES;
				CLANG_WARN_INT_CONVERSION = YES;
				CLANG_WARN_NON_LITERAL_NULL_CONVERSION = YES;
				CLANG_WARN_OBJC_IMPLICIT_RETAIN_SELF = YES;
				CLANG_WARN_OBJC_LITERAL_CONVERSION = YES;
				CLANG_WARN_OBJC_ROOT_CLASS = YES_ERROR;
				CLANG_WARN_QUOTED_INCLUDE_IN_FRAMEWORK_HEADER = YES;
				CLANG_WARN_RANGE_LOOP_ANALYSIS = YES;
				CLANG_WARN_STRICT_PROTOTYPES = YES;
				CLANG_WARN_SUSPICIOUS_MOVE = YES;
				CLANG_WARN_UNGUARDED_AVAILABILITY = YES_AGGRESSIVE;
				CLANG_WARN_UNREACHABLE_CODE = YES;
				CLANG_WARN__DUPLICATE_METHOD_MATCH = YES;
				COPY_PHASE_STRIP = NO;
				DEBUG_INFORMATION_FORMAT = dwarf;
				ENABLE_STRICT_OBJC_MSGSEND = YES;
				ENABLE_TESTABILITY = YES;
				ENABLE_USER_SCRIPT_SANDBOXING = YES;
				GCC_C_LANGUAGE_STANDARD = gnu17;
				GCC_DYNAMIC_NO_PIC = NO;
				GCC_NO_COMMON_BLOCKS = YES;
				GCC_OPTIMIZATION_LEVEL = 0;
				GCC_PREPROCESSOR_DEFINITIONS = (
					"DEBUG=1",
					"$(inherited)",
				);
				GCC_WARN_64_TO_32_BIT_CONVERSION = YES;
				GCC_WARN_ABOUT_RETURN_TYPE = YES_ERROR;
				GCC_WARN_UNDECLARED_SELECTOR = YES;
				GCC_WARN_UNINITIALIZED_AUTOS = YES_AGGRESSIVE;
				GCC_WARN_UNUSED_FUNCTION = YES;
				GCC_WARN_UNUSED_VARIABLE = YES;
				IPHONEOS_DEPLOYMENT_TARGET = 17.5;
				LOCALIZATION_PREFERS_STRING_CATALOGS = YES;
				MTL_ENABLE_DEBUG_INFO = INCLUDE_SOURCE;
				MTL_FAST_MATH = YES;
				ONLY_ACTIVE_ARCH = YES;
				SDKROOT = iphoneos;
				SWIFT_ACTIVE_COMPILATION_CONDITIONS = "DEBUG $(inherited)";
				SWIFT_OPTIMIZATION_LEVEL = "-Onone";
			};
			name = Debug;
		};
		EA90F17B2C574F95007B3493 /* Release */ = {
			isa = XCBuildConfiguration;
			buildSettings = {
				ALWAYS_SEARCH_USER_PATHS = NO;
				ASSETCATALOG_COMPILER_GENERATE_SWIFT_ASSET_SYMBOL_EXTENSIONS = YES;
				CLANG_ANALYZER_NONNULL = YES;
				CLANG_ANALYZER_NUMBER_OBJECT_CONVERSION = YES_AGGRESSIVE;
				CLANG_CXX_LANGUAGE_STANDARD = "gnu++20";
				CLANG_ENABLE_MODULES = YES;
				CLANG_ENABLE_OBJC_ARC = YES;
				CLANG_ENABLE_OBJC_WEAK = YES;
				CLANG_WARN_BLOCK_CAPTURE_AUTORELEASING = YES;
				CLANG_WARN_BOOL_CONVERSION = YES;
				CLANG_WARN_COMMA = YES;
				CLANG_WARN_CONSTANT_CONVERSION = YES;
				CLANG_WARN_DEPRECATED_OBJC_IMPLEMENTATIONS = YES;
				CLANG_WARN_DIRECT_OBJC_ISA_USAGE = YES_ERROR;
				CLANG_WARN_DOCUMENTATION_COMMENTS = YES;
				CLANG_WARN_EMPTY_BODY = YES;
				CLANG_WARN_ENUM_CONVERSION = YES;
				CLANG_WARN_INFINITE_RECURSION = YES;
				CLANG_WARN_INT_CONVERSION = YES;
				CLANG_WARN_NON_LITERAL_NULL_CONVERSION = YES;
				CLANG_WARN_OBJC_IMPLICIT_RETAIN_SELF = YES;
				CLANG_WARN_OBJC_LITERAL_CONVERSION = YES;
				CLANG_WARN_OBJC_ROOT_CLASS = YES_ERROR;
				CLANG_WARN_QUOTED_INCLUDE_IN_FRAMEWORK_HEADER = YES;
				CLANG_WARN_RANGE_LOOP_ANALYSIS = YES;
				CLANG_WARN_STRICT_PROTOTYPES = YES;
				CLANG_WARN_SUSPICIOUS_MOVE = YES;
				CLANG_WARN_UNGUARDED_AVAILABILITY = YES_AGGRESSIVE;
				CLANG_WARN_UNREACHABLE_CODE = YES;
				CLANG_WARN__DUPLICATE_METHOD_MATCH = YES;
				COPY_PHASE_STRIP = NO;
				DEBUG_INFORMATION_FORMAT = "dwarf-with-dsym";
				ENABLE_NS_ASSERTIONS = NO;
				ENABLE_STRICT_OBJC_MSGSEND = YES;
				ENABLE_USER_SCRIPT_SANDBOXING = YES;
				GCC_C_LANGUAGE_STANDARD = gnu17;
				GCC_NO_COMMON_BLOCKS = YES;
				GCC_WARN_64_TO_32_BIT_CONVERSION = YES;
				GCC_WARN_ABOUT_RETURN_TYPE = YES_ERROR;
				GCC_WARN_UNDECLARED_SELECTOR = YES;
				GCC_WARN_UNINITIALIZED_AUTOS = YES_AGGRESSIVE;
				GCC_WARN_UNUSED_FUNCTION = YES;
				GCC_WARN_UNUSED_VARIABLE = YES;
				IPHONEOS_DEPLOYMENT_TARGET = 17.5;
				LOCALIZATION_PREFERS_STRING_CATALOGS = YES;
				MTL_ENABLE_DEBUG_INFO = NO;
				MTL_FAST_MATH = YES;
				SDKROOT = iphoneos;
				SWIFT_COMPILATION_MODE = wholemodule;
				VALIDATE_PRODUCT = YES;
			};
			name = Release;
		};
		EA90F17D2C574F95007B3493 /* Debug */ = {
			isa = XCBuildConfiguration;
			buildSettings = {
				ASSETCATALOG_COMPILER_APPICON_NAME = AppIcon;
				ASSETCATALOG_COMPILER_GLOBAL_ACCENT_COLOR_NAME = AccentColor;
				CODE_SIGN_STYLE = Automatic;
				CURRENT_PROJECT_VERSION = 1;
				DEVELOPMENT_ASSET_PATHS = "\"Firefly Finance/Preview Content\"";
				ENABLE_PREVIEWS = YES;
				GENERATE_INFOPLIST_FILE = YES;
				INFOPLIST_KEY_UIApplicationSceneManifest_Generation = YES;
				INFOPLIST_KEY_UIApplicationSupportsIndirectInputEvents = YES;
				INFOPLIST_KEY_UILaunchScreen_Generation = YES;
				INFOPLIST_KEY_UISupportedInterfaceOrientations_iPad = "UIInterfaceOrientationPortrait UIInterfaceOrientationPortraitUpsideDown UIInterfaceOrientationLandscapeLeft UIInterfaceOrientationLandscapeRight";
				INFOPLIST_KEY_UISupportedInterfaceOrientations_iPhone = "UIInterfaceOrientationPortrait UIInterfaceOrientationLandscapeLeft UIInterfaceOrientationLandscapeRight";
				LD_RUNPATH_SEARCH_PATHS = (
					"$(inherited)",
					"@executable_path/Frameworks",
				);
				MARKETING_VERSION = 1.0;
				PRODUCT_BUNDLE_IDENTIFIER = "com.example.Firefly-Finance";
				PRODUCT_NAME = "$(TARGET_NAME)";
				SWIFT_EMIT_LOC_STRINGS = YES;
				SWIFT_VERSION = 5.0;
				TARGETED_DEVICE_FAMILY = "1,2";
			};
			name = Debug;
		};
		EA90F17E2C574F95007B3493 /* Release */ = {
			isa = XCBuildConfiguration;
			buildSettings = {
				ASSETCATALOG_COMPILER_APPICON_NAME = AppIcon;
				ASSETCATALOG_COMPILER_GLOBAL_ACCENT_COLOR_NAME = AccentColor;
				CODE_SIGN_STYLE = Automatic;
				CURRENT_PROJECT_VERSION = 1;
				DEVELOPMENT_ASSET_PATHS = "\"Firefly Finance/Preview Content\"";
				ENABLE_PREVIEWS = YES;
				GENERATE_INFOPLIST_FILE = YES;
				INFOPLIST_KEY_UIApplicationSceneManifest_Generation = YES;
				INFOPLIST_KEY_UIApplicationSupportsIndirectInputEvents = YES;
				INFOPLIST_KEY_UILaunchScreen_Generation = YES;
				INFOPLIST_KEY_UISupportedInterfaceOrientations_iPad = "UIInterfaceOrientationPortrait UIInterfaceOrientationPortraitUpsideDown UIInterfaceOrientationLandscapeLeft UIInterfaceOrientationLandscapeRight";
				INFOPLIST_KEY_UISupportedInterfaceOrientations_iPhone = "UIInterfaceOrientationPortrait UIInterfaceOrientationLandscapeLeft UIInterfaceOrientationLandscapeRight";
				LD_RUNPATH_SEARCH_PATHS = (
					"$(inherited)",
					"@executable_path/Frameworks",
				);
				MARKETING_VERSION = 1.0;
				PRODUCT_BUNDLE_IDENTIFIER = "com.example.Firefly-Finance";
				PRODUCT_NAME = "$(TARGET_NAME)";
				SWIFT_EMIT_LOC_STRINGS = YES;
				SWIFT_VERSION = 5.0;
				TARGETED_DEVICE_FAMILY = "1,2";
			};
			name = Release;
		};
		EA90F1802C574F95007B3493 /* Debug */ = {
			isa = XCBuildConfiguration;
			buildSettings = {
				ALWAYS_EMBED_SWIFT_STANDARD_LIBRARIES = YES;
				BUNDLE_LOADER = "$(TEST_HOST)";
				CODE_SIGN_STYLE = Automatic;
				CURRENT_PROJECT_VERSION = 1;
				GENERATE_INFOPLIST_FILE = YES;
				IPHONEOS_DEPLOYMENT_TARGET = 17.5;
				MARKETING_VERSION = 1.0;
				PRODUCT_BUNDLE_IDENTIFIER = "com.example.Firefly-FinanceTests";
				PRODUCT_NAME = "$(TARGET_NAME)";
				SWIFT_EMIT_LOC_STRINGS = NO;
				SWIFT_VERSION = 5.0;
				TARGETED_DEVICE_FAMILY = "1,2";
				TEST_HOST = "$(BUILT_PRODUCTS_DIR)/Firefly Finance.app/$(BUNDLE_EXECUTABLE_FOLDER_PATH)/Firefly Finance";
			};
			name = Debug;
		};
		EA90F1812C574F95007B3493 /* Release */ = {
			isa = XCBuildConfiguration;
			buildSettings = {
				ALWAYS_EMBED_SWIFT_STANDARD_LIBRARIES = YES;
				BUNDLE_LOADER = "$(TEST_HOST)";
				CODE_SIGN_STYLE = Automatic;
				CURRENT_PROJECT_VERSION = 1;
				GENERATE_INFOPLIST_FILE = YES;
				IPHONEOS_DEPLOYMENT_TARGET = 17.5;
				MARKETING_VERSION = 1.0;
				PRODUCT_BUNDLE_IDENTIFIER = "com.example.Firefly-FinanceTests";
				PRODUCT_NAME = "$(TARGET_NAME)";
				SWIFT_EMIT_LOC_STRINGS = NO;
				SWIFT_VERSION = 5.0;
				TARGETED_DEVICE_FAMILY = "1,2";
				TEST_HOST = "$(BUILT_PRODUCTS_DIR)/Firefly Finance.app/$(BUNDLE_EXECUTABLE_FOLDER_PATH)/Firefly Finance";
			};
			name = Release;
		};
		EA90F1832C574F95007B3493 /* Debug */ = {
			isa = XCBuildConfiguration;
			buildSettings = {
				ALWAYS_EMBED_SWIFT_STANDARD_LIBRARIES = YES;
				CODE_SIGN_STYLE = Automatic;
				CURRENT_PROJECT_VERSION = 1;
				GENERATE_INFOPLIST_FILE = YES;
				MARKETING_VERSION = 1.0;
				PRODUCT_BUNDLE_IDENTIFIER = "com.example.Firefly-FinanceUITests";
				PRODUCT_NAME = "$(TARGET_NAME)";
				SWIFT_EMIT_LOC_STRINGS = NO;
				SWIFT_VERSION = 5.0;
				TARGETED_DEVICE_FAMILY = "1,2";
				TEST_TARGET_NAME = "Firefly Finance";
			};
			name = Debug;
		};
		EA90F1842C574F95007B3493 /* Release */ = {
			isa = XCBuildConfiguration;
			buildSettings = {
				ALWAYS_EMBED_SWIFT_STANDARD_LIBRARIES = YES;
				CODE_SIGN_STYLE = Automatic;
				CURRENT_PROJECT_VERSION = 1;
				GENERATE_INFOPLIST_FILE = YES;
				MARKETING_VERSION = 1.0;
				PRODUCT_BUNDLE_IDENTIFIER = "com.example.Firefly-FinanceUITests";
				PRODUCT_NAME = "$(TARGET_NAME)";
				SWIFT_EMIT_LOC_STRINGS = NO;
				SWIFT_VERSION = 5.0;
				TARGETED_DEVICE_FAMILY = "1,2";
				TEST_TARGET_NAME = "Firefly Finance";
			};
			name = Release;
		};
/* End XCBuildConfiguration section */

/* Begin XCConfigurationList section */
		EA90F1532C574F92007B3493 /* Build configuration list for PBXProject "Firefly Finance" */ = {
			isa = XCConfigurationList;
			buildConfigurations = (
				EA90F17A2C574F95007B3493 /* Debug */,
				EA90F17B2C574F95007B3493 /* Release */,
			);
			defaultConfigurationIsVisible = 0;
			defaultConfigurationName = Release;
		};
		EA90F17C2C574F95007B3493 /* Build configuration list for PBXNativeTarget "Firefly Finance" */ = {
			isa = XCConfigurationList;
			buildConfigurations = (
				EA90F17D2C574F95007B3493 /* Debug */,
				EA90F17E2C574F95007B3493 /* Release */,
			);
			defaultConfigurationIsVisible = 0;
			defaultConfigurationName = Release;
		};
		EA90F17F2C574F95007B3493 /* Build configuration list for PBXNativeTarget "Firefly FinanceTests" */ = {
			isa = XCConfigurationList;
			buildConfigurations = (
				EA90F1802C574F95007B3493 /* Debug */,
				EA90F1812C574F95007B3493 /* Release */,
			);
			defaultConfigurationIsVisible = 0;
			defaultConfigurationName = Release;
		};
		EA90F1822C574F95007B3493 /* Build configuration list for PBXNativeTarget "Firefly FinanceUITests" */ = {
			isa = XCConfigurationList;
			buildConfigurations = (
				EA90F1832C574F95007B3493 /* Debug */,
				EA90F1842C574F95007B3493 /* Release */,
			);
			defaultConfigurationIsVisible = 0;
			defaultConfigurationName = Release;
		};
/* End XCConfigurationList section */
	};
	rootObject = EA90F1502C574F92007B3493 /* Project object */;
}
